
Microsoft Visual Studio Solution File, Format Version 12.00
# Visual Studio Version 17
VisualStudioVersion = 17.11.35312.102
MinimumVisualStudioVersion = 10.0.40219.1
Project("{FAE04EC0-301F-11D3-BF4B-00C04F79EFBC}") = "KASDLab26", "KASDLab26.csproj", "{7866449B-F461-40B4-B8E6-6970D3E7FFE4}"
EndProject
Global
	GlobalSection(SolutionConfigurationPlatforms) = preSolution
		Debug|Any CPU = Debug|Any CPU
		Release|Any CPU = Release|Any CPU
	EndGlobalSection
	GlobalSection(ProjectConfigurationPlatforms) = postSolution
		{7866449B-F461-40B4-B8E6-6970D3E7FFE4}.Debug|Any CPU.ActiveCfg = Debug|Any CPU
		{7866449B-F461-40B4-B8E6-6970D3E7FFE4}.Debug|Any CPU.Build.0 = Debug|Any CPU
		{7866449B-F461-40B4-B8E6-6970D3E7FFE4}.Release|Any CPU.ActiveCfg = Release|Any CPU
		{7866449B-F461-40B4-B8E6-6970D3E7FFE4}.Release|Any CPU.Build.0 = Release|Any CPU
	EndGlobalSection
	GlobalSection(SolutionProperties) = preSolution
		HideSolutionNode = FALSE
	EndGlobalSection
	GlobalSection(ExtensibilityGlobals) = postSolution
		SolutionGuid = {F42264D2-3502-46D0-87C1-FB13E616D081}
	EndGlobalSection
EndGlobal
